<Solution>
  <Folder Name="/.files/">
    <File Path=".aiignore" />
    <File Path=".editorconfig" />
    <File Path=".gitattributes" />
    <File Path=".gitignore" />
    <File Path="AGENTS.md" />
    <File Path="Directory.Build.props" />
    <File Path="global.json" />
    <File Path="LICENSE" />
    <File Path="NuGet.config" />
    <File Path="README.md" />
    <File Path="testconfig.json" />
  </Folder>
  <Folder Name="/.github/" />
  <Folder Name="/.github/workflow/">
    <File Path=".github\workflows\build.yml" />
    <File Path=".github\workflows\ci.yml" />
    <File Path=".github\workflows\package.yml" />
    <File Path=".github\workflows\pull_request.yml" />
    <File Path=".github\workflows\release.yml" />
  </Folder>
  <Folder Name="/src/">
    <Project Path="src/SDMonitor/SDMonitor.csproj" />
    <Project Path="src/SDMonitor.Simulator/SDMonitor.Simulator.csproj" />
  </Folder>
  <Folder Name="/tests/">
    <Project Path="tests/SDMonitor.UnitTests/SDMonitor.UnitTests.csproj" />
  </Folder>
</Solution>
